
Microsoft Visual Studio Solution File, Format Version 12.00
# Visual Studio 14
VisualStudioVersion = 14.0.25420.1
MinimumVisualStudioVersion = 10.0.40219.1
Project("{FAE04EC0-301F-11D3-BF4B-00C04F79EFBC}") = "LateLoadFlipView", "LateLoadFlipView\LateLoadFlipView.csproj", "{AEDB0FA1-63F4-4C52-948E-FCEC013605CF}"
EndProject
Global
	GlobalSection(SolutionConfigurationPlatforms) = preSolution
		Debug|ARM = Debug|ARM
		Debug|x64 = Debug|x64
		Debug|x86 = Debug|x86
		Release|ARM = Release|ARM
		Release|x64 = Release|x64
		Release|x86 = Release|x86
	EndGlobalSection
	GlobalSection(ProjectConfigurationPlatforms) = postSolution
		{AEDB0FA1-63F4-4C52-948E-FCEC013605CF}.Debug|ARM.ActiveCfg = Debug|ARM
		{AEDB0FA1-63F4-4C52-948E-FCEC013605CF}.Debug|ARM.Build.0 = Debug|ARM
		{AEDB0FA1-63F4-4C52-948E-FCEC013605CF}.Debug|ARM.Deploy.0 = Debug|ARM
		{AEDB0FA1-63F4-4C52-948E-FCEC013605CF}.Debug|x64.ActiveCfg = Debug|x64
		{AEDB0FA1-63F4-4C52-948E-FCEC013605CF}.Debug|x64.Build.0 = Debug|x64
		{AEDB0FA1-63F4-4C52-948E-FCEC013605CF}.Debug|x64.Deploy.0 = Debug|x64
		{AEDB0FA1-63F4-4C52-948E-FCEC013605CF}.Debug|x86.ActiveCfg = Debug|x86
		{AEDB0FA1-63F4-4C52-948E-FCEC013605CF}.Debug|x86.Build.0 = Debug|x86
		{AEDB0FA1-63F4-4C52-948E-FCEC013605CF}.Debug|x86.Deploy.0 = Debug|x86
		{AEDB0FA1-63F4-4C52-948E-FCEC013605CF}.Release|ARM.ActiveCfg = Release|ARM
		{AEDB0FA1-63F4-4C52-948E-FCEC013605CF}.Release|ARM.Build.0 = Release|ARM
		{AEDB0FA1-63F4-4C52-948E-FCEC013605CF}.Release|ARM.Deploy.0 = Release|ARM
		{AEDB0FA1-63F4-4C52-948E-FCEC013605CF}.Release|x64.ActiveCfg = Release|x64
		{AEDB0FA1-63F4-4C52-948E-FCEC013605CF}.Release|x64.Build.0 = Release|x64
		{AEDB0FA1-63F4-4C52-948E-FCEC013605CF}.Release|x64.Deploy.0 = Release|x64
		{AEDB0FA1-63F4-4C52-948E-FCEC013605CF}.Release|x86.ActiveCfg = Release|x86
		{AEDB0FA1-63F4-4C52-948E-FCEC013605CF}.Release|x86.Build.0 = Release|x86
		{AEDB0FA1-63F4-4C52-948E-FCEC013605CF}.Release|x86.Deploy.0 = Release|x86
	EndGlobalSection
	GlobalSection(SolutionProperties) = preSolution
		HideSolutionNode = FALSE
	EndGlobalSection
EndGlobal
